
Microsoft Visual Studio Solution File, Format Version 12.00
# Visual Studio Version 17
VisualStudioVersion = 17.9.34723.18
MinimumVisualStudioVersion = 10.0.40219.1
Project("{FAE04EC0-301F-11D3-BF4B-00C04F79EFBC}") = "dtos_practice", "dtos_practice.csproj", "{381D96A2-1F5B-4970-897E-12FD388B5DC4}"
EndProject
Global
	GlobalSection(SolutionConfigurationPlatforms) = preSolution
		Debug|Any CPU = Debug|Any CPU
		Release|Any CPU = Release|Any CPU
	EndGlobalSection
	GlobalSection(ProjectConfigurationPlatforms) = postSolution
		{381D96A2-1F5B-4970-897E-12FD388B5DC4}.Debug|Any CPU.ActiveCfg = Debug|Any CPU
		{381D96A2-1F5B-4970-897E-12FD388B5DC4}.Debug|Any CPU.Build.0 = Debug|Any CPU
		{381D96A2-1F5B-4970-897E-12FD388B5DC4}.Release|Any CPU.ActiveCfg = Release|Any CPU
		{381D96A2-1F5B-4970-897E-12FD388B5DC4}.Release|Any CPU.Build.0 = Release|Any CPU
	EndGlobalSection
	GlobalSection(SolutionProperties) = preSolution
		HideSolutionNode = FALSE
	EndGlobalSection
	GlobalSection(ExtensibilityGlobals) = postSolution
		SolutionGuid = {FBF50B7F-3A7E-4F4C-A7F3-1A27442D8B4C}
	EndGlobalSection
EndGlobal
